
Microsoft Visual Studio Solution File, Format Version 12.00
# Visual Studio 15
VisualStudioVersion = 15.0.26730.15
MinimumVisualStudioVersion = 10.0.40219.1
Project("{FAE04EC0-301F-11D3-BF4B-00C04F79EFBC}") = "FEApp.Client", "FEApp.Client\FEApp.Client.csproj", "{130A9B04-8C1E-4E22-94DF-8A5746B6C3A2}"
EndProject
Project("{FAE04EC0-301F-11D3-BF4B-00C04F79EFBC}") = "FEApp.Client.Core", "FEApp.Client.Core\FEApp.Client.Core.csproj", "{ABC785CE-67A8-49E0-AD7F-DB7231A89F39}"
EndProject
Project("{FAE04EC0-301F-11D3-BF4B-00C04F79EFBC}") = "FEApp.Common", "FEApp.Common\FEApp.Common.csproj", "{407D16A0-7695-4C29-8BA9-8FA871023FCE}"
EndProject
Project("{FAE04EC0-301F-11D3-BF4B-00C04F79EFBC}") = "FEApp.Service", "FEApp.Service\FEApp.Service.csproj", "{20CA91C3-588A-441F-8C47-01D98BA1872A}"
EndProject
Project("{FAE04EC0-301F-11D3-BF4B-00C04F79EFBC}") = "FEApp.StaticTools", "FEApp.StaticTools\FEApp.StaticTools.csproj", "{ABEF6046-85A4-4531-9B9B-2485D2EE3C33}"
EndProject
Project("{2150E333-8FDC-42A3-9474-1A3956D46DE8}") = "Client", "Client", "{C96DEDB3-8DCF-4995-A49B-BDE5FC02727F}"
EndProject
Project("{2150E333-8FDC-42A3-9474-1A3956D46DE8}") = "Server", "Server", "{DD490CE0-0447-4ADE-A8EE-71B79B2EFAC0}"
EndProject
Project("{2150E333-8FDC-42A3-9474-1A3956D46DE8}") = "Common", "Common", "{8A2738E8-4791-4B5F-A3E6-EB3FC24984B9}"
EndProject
Global
	GlobalSection(SolutionConfigurationPlatforms) = preSolution
		Debug|Any CPU = Debug|Any CPU
		Release|Any CPU = Release|Any CPU
	EndGlobalSection
	GlobalSection(ProjectConfigurationPlatforms) = postSolution
		{130A9B04-8C1E-4E22-94DF-8A5746B6C3A2}.Debug|Any CPU.ActiveCfg = Debug|Any CPU
		{130A9B04-8C1E-4E22-94DF-8A5746B6C3A2}.Debug|Any CPU.Build.0 = Debug|Any CPU
		{130A9B04-8C1E-4E22-94DF-8A5746B6C3A2}.Release|Any CPU.ActiveCfg = Release|Any CPU
		{130A9B04-8C1E-4E22-94DF-8A5746B6C3A2}.Release|Any CPU.Build.0 = Release|Any CPU
		{ABC785CE-67A8-49E0-AD7F-DB7231A89F39}.Debug|Any CPU.ActiveCfg = Debug|Any CPU
		{ABC785CE-67A8-49E0-AD7F-DB7231A89F39}.Debug|Any CPU.Build.0 = Debug|Any CPU
		{ABC785CE-67A8-49E0-AD7F-DB7231A89F39}.Release|Any CPU.ActiveCfg = Release|Any CPU
		{ABC785CE-67A8-49E0-AD7F-DB7231A89F39}.Release|Any CPU.Build.0 = Release|Any CPU
		{407D16A0-7695-4C29-8BA9-8FA871023FCE}.Debug|Any CPU.ActiveCfg = Debug|Any CPU
		{407D16A0-7695-4C29-8BA9-8FA871023FCE}.Debug|Any CPU.Build.0 = Debug|Any CPU
		{407D16A0-7695-4C29-8BA9-8FA871023FCE}.Release|Any CPU.ActiveCfg = Release|Any CPU
		{407D16A0-7695-4C29-8BA9-8FA871023FCE}.Release|Any CPU.Build.0 = Release|Any CPU
		{20CA91C3-588A-441F-8C47-01D98BA1872A}.Debug|Any CPU.ActiveCfg = Debug|Any CPU
		{20CA91C3-588A-441F-8C47-01D98BA1872A}.Debug|Any CPU.Build.0 = Debug|Any CPU
		{20CA91C3-588A-441F-8C47-01D98BA1872A}.Release|Any CPU.ActiveCfg = Release|Any CPU
		{20CA91C3-588A-441F-8C47-01D98BA1872A}.Release|Any CPU.Build.0 = Release|Any CPU
		{ABEF6046-85A4-4531-9B9B-2485D2EE3C33}.Debug|Any CPU.ActiveCfg = Debug|Any CPU
		{ABEF6046-85A4-4531-9B9B-2485D2EE3C33}.Debug|Any CPU.Build.0 = Debug|Any CPU
		{ABEF6046-85A4-4531-9B9B-2485D2EE3C33}.Release|Any CPU.ActiveCfg = Release|Any CPU
		{ABEF6046-85A4-4531-9B9B-2485D2EE3C33}.Release|Any CPU.Build.0 = Release|Any CPU
	EndGlobalSection
	GlobalSection(SolutionProperties) = preSolution
		HideSolutionNode = FALSE
	EndGlobalSection
	GlobalSection(NestedProjects) = preSolution
		{130A9B04-8C1E-4E22-94DF-8A5746B6C3A2} = {C96DEDB3-8DCF-4995-A49B-BDE5FC02727F}
		{ABC785CE-67A8-49E0-AD7F-DB7231A89F39} = {C96DEDB3-8DCF-4995-A49B-BDE5FC02727F}
		{407D16A0-7695-4C29-8BA9-8FA871023FCE} = {8A2738E8-4791-4B5F-A3E6-EB3FC24984B9}
		{20CA91C3-588A-441F-8C47-01D98BA1872A} = {DD490CE0-0447-4ADE-A8EE-71B79B2EFAC0}
		{ABEF6046-85A4-4531-9B9B-2485D2EE3C33} = {8A2738E8-4791-4B5F-A3E6-EB3FC24984B9}
	EndGlobalSection
	GlobalSection(ExtensibilityGlobals) = postSolution
		SolutionGuid = {50895E56-1058-450F-A222-7F1B918B63A9}
	EndGlobalSection
EndGlobal
